// !$*UTF8*$!
{
	archiveVersion = 1;
	classes = {
	};
	objectVersion = 46;
	objects = {

/* Begin PBXBuildFile section */
		845FC6621EC2F867001CEEFF /* main.m in Sources */ = {isa = PBXBuildFile; fileRef = 845FC6611EC2F867001CEEFF /* main.m */; };
		845FC6651EC2F867001CEEFF /* AppDelegate.m in Sources */ = {isa = PBXBuildFile; fileRef = 845FC6641EC2F867001CEEFF /* AppDelegate.m */; };
		845FC6681EC2F867001CEEFF /* ViewController.m in Sources */ = {isa = PBXBuildFile; fileRef = 845FC6671EC2F867001CEEFF /* ViewController.m */; };
		845FC66B1EC2F868001CEEFF /* Main.storyboard in Resources */ = {isa = PBXBuildFile; fileRef = 845FC6691EC2F868001CEEFF /* Main.storyboard */; };
		845FC66D1EC2F868001CEEFF /* Assets.xcassets in Resources */ = {isa = PBXBuildFile; fileRef = 845FC66C1EC2F868001CEEFF /* Assets.xcassets */; };
		845FC6701EC2F868001CEEFF /* LaunchScreen.storyboard in Resources */ = {isa = PBXBuildFile; fileRef = 845FC66E1EC2F868001CEEFF /* LaunchScreen.storyboard */; };
		845FC67B1EC2F868001CEEFF /* OpenGLES_CircleTests.m in Sources */ = {isa = PBXBuildFile; fileRef = 845FC67A1EC2F868001CEEFF /* OpenGLES_CircleTests.m */; };
		845FC6861EC2F868001CEEFF /* OpenGLES_CircleUITests.m in Sources */ = {isa = PBXBuildFile; fileRef = 845FC6851EC2F868001CEEFF /* OpenGLES_CircleUITests.m */; };
		845FC6991EC2F8B6001CEEFF /* Fragment.glsl in Resources */ = {isa = PBXBuildFile; fileRef = 845FC6931EC2F8B6001CEEFF /* Fragment.glsl */; };
		845FC69B1EC2F8B6001CEEFF /* JFOpenGLESView.m in Sources */ = {isa = PBXBuildFile; fileRef = 845FC6971EC2F8B6001CEEFF /* JFOpenGLESView.m */; };
		845FC69C1EC2F8B6001CEEFF /* Vertex.glsl in Resources */ = {isa = PBXBuildFile; fileRef = 845FC6981EC2F8B6001CEEFF /* Vertex.glsl */; };
/* End PBXBuildFile section */

/* Begin PBXContainerItemProxy section */
		845FC6771EC2F868001CEEFF /* PBXContainerItemProxy */ = {
			isa = PBXContainerItemProxy;
			containerPortal = 845FC6551EC2F867001CEEFF /* Project object */;
			proxyType = 1;
			remoteGlobalIDString = 845FC65C1EC2F867001CEEFF;
			remoteInfo = OpenGLES_Circle;
		};
		845FC6821EC2F868001CEEFF /* PBXContainerItemProxy */ = {
			isa = PBXContainerItemProxy;
			containerPortal = 845FC6551EC2F867001CEEFF /* Project object */;
			proxyType = 1;
			remoteGlobalIDString = 845FC65C1EC2F867001CEEFF;
			remoteInfo = OpenGLES_Circle;
		};
/* End PBXContainerItemProxy section */

/* Begin PBXFileReference section */
		845FC65D1EC2F867001CEEFF /* OpenGLES_Circle.app */ = {isa = PBXFileReference; explicitFileType = wrapper.application; includeInIndex = 0; path = OpenGLES_Circle.app; sourceTree = BUILT_PRODUCTS_DIR; };
		845FC6611EC2F867001CEEFF /* main.m */ = {isa = PBXFileReference; lastKnownFileType = sourcecode.c.objc; path = main.m; sourceTree = "<group>"; };
		845FC6631EC2F867001CEEFF /* AppDelegate.h */ = {isa = PBXFileReference; lastKnownFileType = sourcecode.c.h; path = AppDelegate.h; sourceTree = "<group>"; };
		845FC6641EC2F867001CEEFF /* AppDelegate.m */ = {isa = PBXFileReference; lastKnownFileType = sourcecode.c.objc; path = AppDelegate.m; sourceTree = "<group>"; };
		845FC6661EC2F867001CEEFF /* ViewController.h */ = {isa = PBXFileReference; lastKnownFileType = sourcecode.c.h; path = ViewController.h; sourceTree = "<group>"; };
		845FC6671EC2F867001CEEFF /* ViewController.m */ = {isa = PBXFileReference; lastKnownFileType = sourcecode.c.objc; path = ViewController.m; sourceTree = "<group>"; };
		845FC66A1EC2F868001CEEFF /* Base */ = {isa = PBXFileReference; lastKnownFileType = file.storyboard; name = Base; path = Base.lproj/Main.storyboard; sourceTree = "<group>"; };
		845FC66C1EC2F868001CEEFF /* Assets.xcassets */ = {isa = PBXFileReference; lastKnownFileType = folder.assetcatalog; path = Assets.xcassets; sourceTree = "<group>"; };
		845FC66F1EC2F868001CEEFF /* Base */ = {isa = PBXFileReference; lastKnownFileType = file.storyboard; name = Base; path = Base.lproj/LaunchScreen.storyboard; sourceTree = "<group>"; };
		845FC6711EC2F868001CEEFF /* Info.plist */ = {isa = PBXFileReference; lastKnownFileType = text.plist.xml; path = Info.plist; sourceTree = "<group>"; };
		845FC6761EC2F868001CEEFF /* OpenGLES_CircleTests.xctest */ = {isa = PBXFileReference; explicitFileType = wrapper.cfbundle; includeInIndex = 0; path = OpenGLES_CircleTests.xctest; sourceTree = BUILT_PRODUCTS_DIR; };
		845FC67A1EC2F868001CEEFF /* OpenGLES_CircleTests.m */ = {isa = PBXFileReference; lastKnownFileType = sourcecode.c.objc; path = OpenGLES_CircleTests.m; sourceTree = "<group>"; };
		845FC67C1EC2F868001CEEFF /* Info.plist */ = {isa = PBXFileReference; lastKnownFileType = text.plist.xml; path = Info.plist; sourceTree = "<group>"; };
		845FC6811EC2F868001CEEFF /* OpenGLES_CircleUITests.xctest */ = {isa = PBXFileReference; explicitFileType = wrapper.cfbundle; includeInIndex = 0; path = OpenGLES_CircleUITests.xctest; sourceTree = BUILT_PRODUCTS_DIR; };
		845FC6851EC2F868001CEEFF /* OpenGLES_CircleUITests.m */ = {isa = PBXFileReference; lastKnownFileType = sourcecode.c.objc; path = OpenGLES_CircleUITests.m; sourceTree = "<group>"; };
		845FC6871EC2F868001CEEFF /* Info.plist */ = {isa = PBXFileReference; lastKnownFileType = text.plist.xml; path = Info.plist; sourceTree = "<group>"; };
		845FC6931EC2F8B6001CEEFF /* Fragment.glsl */ = {isa = PBXFileReference; fileEncoding = 4; lastKnownFileType = text; path = Fragment.glsl; sourceTree = "<group>"; };
		845FC6961EC2F8B6001CEEFF /* JFOpenGLESView.h */ = {isa = PBXFileReference; fileEncoding = 4; lastKnownFileType = sourcecode.c.h; path = JFOpenGLESView.h; sourceTree = "<group>"; };
		845FC6971EC2F8B6001CEEFF /* JFOpenGLESView.m */ = {isa = PBXFileReference; fileEncoding = 4; lastKnownFileType = sourcecode.c.objc; path = JFOpenGLESView.m; sourceTree = "<group>"; };
		845FC6981EC2F8B6001CEEFF /* Vertex.glsl */ = {isa = PBXFileReference; fileEncoding = 4; lastKnownFileType = text; path = Vertex.glsl; sourceTree = "<group>"; };
/* End PBXFileReference section */

/* Begin PBXFrameworksBuildPhase section */
		845FC65A1EC2F867001CEEFF /* Frameworks */ = {
			isa = PBXFrameworksBuildPhase;
			buildActionMask = 2147483647;
			files = (
			);
			runOnlyForDeploymentPostprocessing = 0;
		};
		845FC6731EC2F868001CEEFF /* Frameworks */ = {
			isa = PBXFrameworksBuildPhase;
			buildActionMask = 2147483647;
			files = (
			);
			runOnlyForDeploymentPostprocessing = 0;
		};
		845FC67E1EC2F868001CEEFF /* Frameworks */ = {
			isa = PBXFrameworksBuildPhase;
			buildActionMask = 2147483647;
			files = (
			);
			runOnlyForDeploymentPostprocessing = 0;
		};
/* End PBXFrameworksBuildPhase section */

/* Begin PBXGroup section */
		845FC6541EC2F867001CEEFF = {
			isa = PBXGroup;
			children = (
				845FC65F1EC2F867001CEEFF /* OpenGLES_Circle */,
				845FC6791EC2F868001CEEFF /* OpenGLES_CircleTests */,
				845FC6841EC2F868001CEEFF /* OpenGLES_CircleUITests */,
				845FC65E1EC2F867001CEEFF /* Products */,
			);
			sourceTree = "<group>";
		};
		845FC65E1EC2F867001CEEFF /* Products */ = {
			isa = PBXGroup;
			children = (
				845FC65D1EC2F867001CEEFF /* OpenGLES_Circle.app */,
				845FC6761EC2F868001CEEFF /* OpenGLES_CircleTests.xctest */,
				845FC6811EC2F868001CEEFF /* OpenGLES_CircleUITests.xctest */,
			);
			name = Products;
			sourceTree = "<group>";
		};
		845FC65F1EC2F867001CEEFF /* OpenGLES_Circle */ = {
			isa = PBXGroup;
			children = (
				845FC6631EC2F867001CEEFF /* AppDelegate.h */,
				845FC6641EC2F867001CEEFF /* AppDelegate.m */,
				845FC6661EC2F867001CEEFF /* ViewController.h */,
				845FC6671EC2F867001CEEFF /* ViewController.m */,
				845FC69D1EC2F8B8001CEEFF /* OpenGLES */,
				845FC6691EC2F868001CEEFF /* Main.storyboard */,
				845FC66C1EC2F868001CEEFF /* Assets.xcassets */,
				845FC66E1EC2F868001CEEFF /* LaunchScreen.storyboard */,
				845FC6711EC2F868001CEEFF /* Info.plist */,
				845FC6601EC2F867001CEEFF /* Supporting Files */,
			);
			path = OpenGLES_Circle;
			sourceTree = "<group>";
		};
		845FC6601EC2F867001CEEFF /* Supporting Files */ = {
			isa = PBXGroup;
			children = (
				845FC6611EC2F867001CEEFF /* main.m */,
			);
			name = "Supporting Files";
			sourceTree = "<group>";
		};
		845FC6791EC2F868001CEEFF /* OpenGLES_CircleTests */ = {
			isa = PBXGroup;
			children = (
				845FC67A1EC2F868001CEEFF /* OpenGLES_CircleTests.m */,
				845FC67C1EC2F868001CEEFF /* Info.plist */,
			);
			path = OpenGLES_CircleTests;
			sourceTree = "<group>";
		};
		845FC6841EC2F868001CEEFF /* OpenGLES_CircleUITests */ = {
			isa = PBXGroup;
			children = (
				845FC6851EC2F868001CEEFF /* OpenGLES_CircleUITests.m */,
				845FC6871EC2F868001CEEFF /* Info.plist */,
			);
			path = OpenGLES_CircleUITests;
			sourceTree = "<group>";
		};
		845FC69D1EC2F8B8001CEEFF /* OpenGLES */ = {
			isa = PBXGroup;
			children = (
				845FC6961EC2F8B6001CEEFF /* JFOpenGLESView.h */,
				845FC6971EC2F8B6001CEEFF /* JFOpenGLESView.m */,
				845FC69E1EC2F8C5001CEEFF /* shader */,
			);
			name = OpenGLES;
			sourceTree = "<group>";
		};
		845FC69E1EC2F8C5001CEEFF /* shader */ = {
			isa = PBXGroup;
			children = (
				845FC6931EC2F8B6001CEEFF /* Fragment.glsl */,
				845FC6981EC2F8B6001CEEFF /* Vertex.glsl */,
			);
			name = shader;
			sourceTree = "<group>";
		};
/* End PBXGroup section */

/* Begin PBXNativeTarget section */
		845FC65C1EC2F867001CEEFF /* OpenGLES_Circle */ = {
			isa = PBXNativeTarget;
			buildConfigurationList = 845FC68A1EC2F868001CEEFF /* Build configuration list for PBXNativeTarget "OpenGLES_Circle" */;
			buildPhases = (
				845FC6591EC2F867001CEEFF /* Sources */,
				845FC65A1EC2F867001CEEFF /* Frameworks */,
				845FC65B1EC2F867001CEEFF /* Resources */,
			);
			buildRules = (
			);
			dependencies = (
			);
			name = OpenGLES_Circle;
			productName = OpenGLES_Circle;
			productReference = 845FC65D1EC2F867001CEEFF /* OpenGLES_Circle.app */;
			productType = "com.apple.product-type.application";
		};
		845FC6751EC2F868001CEEFF /* OpenGLES_CircleTests */ = {
			isa = PBXNativeTarget;
			buildConfigurationList = 845FC68D1EC2F868001CEEFF /* Build configuration list for PBXNativeTarget "OpenGLES_CircleTests" */;
			buildPhases = (
				845FC6721EC2F868001CEEFF /* Sources */,
				845FC6731EC2F868001CEEFF /* Frameworks */,
				845FC6741EC2F868001CEEFF /* Resources */,
			);
			buildRules = (
			);
			dependencies = (
				845FC6781EC2F868001CEEFF /* PBXTargetDependency */,
			);
			name = OpenGLES_CircleTests;
			productName = OpenGLES_CircleTests;
			productReference = 845FC6761EC2F868001CEEFF /* OpenGLES_CircleTests.xctest */;
			productType = "com.apple.product-type.bundle.unit-test";
		};
		845FC6801EC2F868001CEEFF /* OpenGLES_CircleUITests */ = {
			isa = PBXNativeTarget;
			buildConfigurationList = 845FC6901EC2F868001CEEFF /* Build configuration list for PBXNativeTarget "OpenGLES_CircleUITests" */;
			buildPhases = (
				845FC67D1EC2F868001CEEFF /* Sources */,
				845FC67E1EC2F868001CEEFF /* Frameworks */,
				845FC67F1EC2F868001CEEFF /* Resources */,
			);
			buildRules = (
			);
			dependencies = (
				845FC6831EC2F868001CEEFF /* PBXTargetDependency */,
			);
			name = OpenGLES_CircleUITests;
			productName = OpenGLES_CircleUITests;
			productReference = 845FC6811EC2F868001CEEFF /* OpenGLES_CircleUITests.xctest */;
			productType = "com.apple.product-type.bundle.ui-testing";
		};
/* End PBXNativeTarget section */

/* Begin PBXProject section */
		845FC6551EC2F867001CEEFF /* Project object */ = {
			isa = PBXProject;
			attributes = {
				LastUpgradeCheck = 0830;
				ORGANIZATIONNAME = admin;
				TargetAttributes = {
					845FC65C1EC2F867001CEEFF = {
						CreatedOnToolsVersion = 8.3.2;
						DevelopmentTeam = FXYNDDS4J4;
						ProvisioningStyle = Automatic;
					};
					845FC6751EC2F868001CEEFF = {
						CreatedOnToolsVersion = 8.3.2;
						DevelopmentTeam = FXYNDDS4J4;
						ProvisioningStyle = Automatic;
						TestTargetID = 845FC65C1EC2F867001CEEFF;
					};
					845FC6801EC2F868001CEEFF = {
						CreatedOnToolsVersion = 8.3.2;
						DevelopmentTeam = FXYNDDS4J4;
						ProvisioningStyle = Automatic;
						TestTargetID = 845FC65C1EC2F867001CEEFF;
					};
				};
			};
			buildConfigurationList = 845FC6581EC2F867001CEEFF /* Build configuration list for PBXProject "OpenGLES_Circle" */;
			compatibilityVersion = "Xcode 3.2";
			developmentRegion = English;
			hasScannedForEncodings = 0;
			knownRegions = (
				en,
				Base,
			);
			mainGroup = 845FC6541EC2F867001CEEFF;
			productRefGroup = 845FC65E1EC2F867001CEEFF /* Products */;
			projectDirPath = "";
			projectRoot = "";
			targets = (
				845FC65C1EC2F867001CEEFF /* OpenGLES_Circle */,
				845FC6751EC2F868001CEEFF /* OpenGLES_CircleTests */,
				845FC6801EC2F868001CEEFF /* OpenGLES_CircleUITests */,
			);
		};
/* End PBXProject section */

/* Begin PBXResourcesBuildPhase section */
		845FC65B1EC2F867001CEEFF /* Resources */ = {
			isa = PBXResourcesBuildPhase;
			buildActionMask = 2147483647;
			files = (
				845FC6701EC2F868001CEEFF /* LaunchScreen.storyboard in Resources */,
				845FC6991EC2F8B6001CEEFF /* Fragment.glsl in Resources */,
				845FC66D1EC2F868001CEEFF /* Assets.xcassets in Resources */,
				845FC66B1EC2F868001CEEFF /* Main.storyboard in Resources */,
				845FC69C1EC2F8B6001CEEFF /* Vertex.glsl in Resources */,
			);
			runOnlyForDeploymentPostprocessing = 0;
		};
		845FC6741EC2F868001CEEFF /* Resources */ = {
			isa = PBXResourcesBuildPhase;
			buildActionMask = 2147483647;
			files = (
			);
			runOnlyForDeploymentPostprocessing = 0;
		};
		845FC67F1EC2F868001CEEFF /* Resources */ = {
			isa = PBXResourcesBuildPhase;
			buildActionMask = 2147483647;
			files = (
			);
			runOnlyForDeploymentPostprocessing = 0;
		};
/* End PBXResourcesBuildPhase section */

/* Begin PBXSourcesBuildPhase section */
		845FC6591EC2F867001CEEFF /* Sources */ = {
			isa = PBXSourcesBuildPhase;
			buildActionMask = 2147483647;
			files = (
				845FC6681EC2F867001CEEFF /* ViewController.m in Sources */,
				845FC69B1EC2F8B6001CEEFF /* JFOpenGLESView.m in Sources */,
				845FC6651EC2F867001CEEFF /* AppDelegate.m in Sources */,
				845FC6621EC2F867001CEEFF /* main.m in Sources */,
			);
			runOnlyForDeploymentPostprocessing = 0;
		};
		845FC6721EC2F868001CEEFF /* Sources */ = {
			isa = PBXSourcesBuildPhase;
			buildActionMask = 2147483647;
			files = (
				845FC67B1EC2F868001CEEFF /* OpenGLES_CircleTests.m in Sources */,
			);
			runOnlyForDeploymentPostprocessing = 0;
		};
		845FC67D1EC2F868001CEEFF /* Sources */ = {
			isa = PBXSourcesBuildPhase;
			buildActionMask = 2147483647;
			files = (
				845FC6861EC2F868001CEEFF /* OpenGLES_CircleUITests.m in Sources */,
			);
			runOnlyForDeploymentPostprocessing = 0;
		};
/* End PBXSourcesBuildPhase section */

/* Begin PBXTargetDependency section */
		845FC6781EC2F868001CEEFF /* PBXTargetDependency */ = {
			isa = PBXTargetDependency;
			target = 845FC65C1EC2F867001CEEFF /* OpenGLES_Circle */;
			targetProxy = 845FC6771EC2F868001CEEFF /* PBXContainerItemProxy */;
		};
		845FC6831EC2F868001CEEFF /* PBXTargetDependency */ = {
			isa = PBXTargetDependency;
			target = 845FC65C1EC2F867001CEEFF /* OpenGLES_Circle */;
			targetProxy = 845FC6821EC2F868001CEEFF /* PBXContainerItemProxy */;
		};
/* End PBXTargetDependency section */

/* Begin PBXVariantGroup section */
		845FC6691EC2F868001CEEFF /* Main.storyboard */ = {
			isa = PBXVariantGroup;
			children = (
				845FC66A1EC2F868001CEEFF /* Base */,
			);
			name = Main.storyboard;
			sourceTree = "<group>";
		};
		845FC66E1EC2F868001CEEFF /* LaunchScreen.storyboard */ = {
			isa = PBXVariantGroup;
			children = (
				845FC66F1EC2F868001CEEFF /* Base */,
			);
			name = LaunchScreen.storyboard;
			sourceTree = "<group>";
		};
/* End PBXVariantGroup section */

/* Begin XCBuildConfiguration section */
		845FC6881EC2F868001CEEFF /* Debug */ = {
			isa = XCBuildConfiguration;
			buildSettings = {
				ALWAYS_SEARCH_USER_PATHS = NO;
				CLANG_ANALYZER_NONNULL = YES;
				CLANG_ANALYZER_NUMBER_OBJECT_CONVERSION = YES_AGGRESSIVE;
				CLANG_CXX_LANGUAGE_STANDARD = "gnu++0x";
				CLANG_CXX_LIBRARY = "libc++";
				CLANG_ENABLE_MODULES = YES;
				CLANG_ENABLE_OBJC_ARC = YES;
				CLANG_WARN_BOOL_CONVERSION = YES;
				CLANG_WARN_CONSTANT_CONVERSION = YES;
				CLANG_WARN_DIRECT_OBJC_ISA_USAGE = YES_ERROR;
				CLANG_WARN_DOCUMENTATION_COMMENTS = YES;
				CLANG_WARN_EMPTY_BODY = YES;
				CLANG_WARN_ENUM_CONVERSION = YES;
				CLANG_WARN_INFINITE_RECURSION = YES;
				CLANG_WARN_INT_CONVERSION = YES;
				CLANG_WARN_OBJC_ROOT_CLASS = YES_ERROR;
				CLANG_WARN_SUSPICIOUS_MOVE = YES;
				CLANG_WARN_UNREACHABLE_CODE = YES;
				CLANG_WARN__DUPLICATE_METHOD_MATCH = YES;
				"CODE_SIGN_IDENTITY[sdk=iphoneos*]" = "iPhone Developer";
				COPY_PHASE_STRIP = NO;
				DEBUG_INFORMATION_FORMAT = dwarf;
				ENABLE_STRICT_OBJC_MSGSEND = YES;
				ENABLE_TESTABILITY = YES;
				GCC_C_LANGUAGE_STANDARD = gnu99;
				GCC_DYNAMIC_NO_PIC = NO;
				GCC_NO_COMMON_BLOCKS = YES;
				GCC_OPTIMIZATION_LEVEL = 0;
				GCC_PREPROCESSOR_DEFINITIONS = (
					"DEBUG=1",
					"$(inherited)",
				);
				GCC_WARN_64_TO_32_BIT_CONVERSION = YES;
				GCC_WARN_ABOUT_RETURN_TYPE = YES_ERROR;
				GCC_WARN_UNDECLARED_SELECTOR = YES;
				GCC_WARN_UNINITIALIZED_AUTOS = YES_AGGRESSIVE;
				GCC_WARN_UNUSED_FUNCTION = YES;
				GCC_WARN_UNUSED_VARIABLE = YES;
				IPHONEOS_DEPLOYMENT_TARGET = 10.3;
				MTL_ENABLE_DEBUG_INFO = YES;
				ONLY_ACTIVE_ARCH = YES;
				SDKROOT = iphoneos;
				TARGETED_DEVICE_FAMILY = "1,2";
			};
			name = Debug;
		};
		845FC6891EC2F868001CEEFF /* Release */ = {
			isa = XCBuildConfiguration;
			buildSettings = {
				ALWAYS_SEARCH_USER_PATHS = NO;
				CLANG_ANALYZER_NONNULL = YES;
				CLANG_ANALYZER_NUMBER_OBJECT_CONVERSION = YES_AGGRESSIVE;
				CLANG_CXX_LANGUAGE_STANDARD = "gnu++0x";
				CLANG_CXX_LIBRARY = "libc++";
				CLANG_ENABLE_MODULES = YES;
				CLANG_ENABLE_OBJC_ARC = YES;
				CLANG_WARN_BOOL_CONVERSION = YES;
				CLANG_WARN_CONSTANT_CONVERSION = YES;
				CLANG_WARN_DIRECT_OBJC_ISA_USAGE = YES_ERROR;
				CLANG_WARN_DOCUMENTATION_COMMENTS = YES;
				CLANG_WARN_EMPTY_BODY = YES;
				CLANG_WARN_ENUM_CONVERSION = YES;
				CLANG_WARN_INFINITE_RECURSION = YES;
				CLANG_WARN_INT_CONVERSION = YES;
				CLANG_WARN_OBJC_ROOT_CLASS = YES_ERROR;
				CLANG_WARN_SUSPICIOUS_MOVE = YES;
				CLANG_WARN_UNREACHABLE_CODE = YES;
				CLANG_WARN__DUPLICATE_METHOD_MATCH = YES;
				"CODE_SIGN_IDENTITY[sdk=iphoneos*]" = "iPhone Developer";
				COPY_PHASE_STRIP = NO;
				DEBUG_INFORMATION_FORMAT = "dwarf-with-dsym";
				ENABLE_NS_ASSERTIONS = NO;
				ENABLE_STRICT_OBJC_MSGSEND = YES;
				GCC_C_LANGUAGE_STANDARD = gnu99;
				GCC_NO_COMMON_BLOCKS = YES;
				GCC_WARN_64_TO_32_BIT_CONVERSION = YES;
				GCC_WARN_ABOUT_RETURN_TYPE = YES_ERROR;
				GCC_WARN_UNDECLARED_SELECTOR = YES;
				GCC_WARN_UNINITIALIZED_AUTOS = YES_AGGRESSIVE;
				GCC_WARN_UNUSED_FUNCTION = YES;
				GCC_WARN_UNUSED_VARIABLE = YES;
				IPHONEOS_DEPLOYMENT_TARGET = 10.3;
				MTL_ENABLE_DEBUG_INFO = NO;
				SDKROOT = iphoneos;
				TARGETED_DEVICE_FAMILY = "1,2";
				VALIDATE_PRODUCT = YES;
			};
			name = Release;
		};
		845FC68B1EC2F868001CEEFF /* Debug */ = {
			isa = XCBuildConfiguration;
			buildSettings = {
				ASSETCATALOG_COMPILER_APPICON_NAME = AppIcon;
				DEVELOPMENT_TEAM = FXYNDDS4J4;
				INFOPLIST_FILE = OpenGLES_Circle/Info.plist;
				IPHONEOS_DEPLOYMENT_TARGET = 8.0;
				LD_RUNPATH_SEARCH_PATHS = "$(inherited) @executable_path/Frameworks";
				PRODUCT_BUNDLE_IDENTIFIER = "admin.OpenGLES-Circle";
				PRODUCT_NAME = "$(TARGET_NAME)";
			};
			name = Debug;
		};
		845FC68C1EC2F868001CEEFF /* Release */ = {
			isa = XCBuildConfiguration;
			buildSettings = {
				ASSETCATALOG_COMPILER_APPICON_NAME = AppIcon;
				DEVELOPMENT_TEAM = FXYNDDS4J4;
				INFOPLIST_FILE = OpenGLES_Circle/Info.plist;
				IPHONEOS_DEPLOYMENT_TARGET = 8.0;
				LD_RUNPATH_SEARCH_PATHS = "$(inherited) @executable_path/Frameworks";
				PRODUCT_BUNDLE_IDENTIFIER = "admin.OpenGLES-Circle";
				PRODUCT_NAME = "$(TARGET_NAME)";
			};
			name = Release;
		};
		845FC68E1EC2F868001CEEFF /* Debug */ = {
			isa = XCBuildConfiguration;
			buildSettings = {
				BUNDLE_LOADER = "$(TEST_HOST)";
				DEVELOPMENT_TEAM = FXYNDDS4J4;
				INFOPLIST_FILE = OpenGLES_CircleTests/Info.plist;
				LD_RUNPATH_SEARCH_PATHS = "$(inherited) @executable_path/Frameworks @loader_path/Frameworks";
				PRODUCT_BUNDLE_IDENTIFIER = "admin.OpenGLES-CircleTests";
				PRODUCT_NAME = "$(TARGET_NAME)";
				TEST_HOST = "$(BUILT_PRODUCTS_DIR)/OpenGLES_Circle.app/OpenGLES_Circle";
			};
			name = Debug;
		};
		845FC68F1EC2F868001CEEFF /* Release */ = {
			isa = XCBuildConfiguration;
			buildSettings = {
				BUNDLE_LOADER = "$(TEST_HOST)";
				DEVELOPMENT_TEAM = FXYNDDS4J4;
				INFOPLIST_FILE = OpenGLES_CircleTests/Info.plist;
				LD_RUNPATH_SEARCH_PATHS = "$(inherited) @executable_path/Frameworks @loader_path/Frameworks";
				PRODUCT_BUNDLE_IDENTIFIER = "admin.OpenGLES-CircleTests";
				PRODUCT_NAME = "$(TARGET_NAME)";
				TEST_HOST = "$(BUILT_PRODUCTS_DIR)/OpenGLES_Circle.app/OpenGLES_Circle";
			};
			name = Release;
		};
		845FC6911EC2F868001CEEFF /* Debug */ = {
			isa = XCBuildConfiguration;
			buildSettings = {
				DEVELOPMENT_TEAM = FXYNDDS4J4;
				INFOPLIST_FILE = OpenGLES_CircleUITests/Info.plist;
				LD_RUNPATH_SEARCH_PATHS = "$(inherited) @executable_path/Frameworks @loader_path/Frameworks";
				PRODUCT_BUNDLE_IDENTIFIER = "admin.OpenGLES-CircleUITests";
				PRODUCT_NAME = "$(TARGET_NAME)";
				TEST_TARGET_NAME = OpenGLES_Circle;
			};
			name = Debug;
		};
		845FC6921EC2F868001CEEFF /* Release */ = {
			isa = XCBuildConfiguration;
			buildSettings = {
				DEVELOPMENT_TEAM = FXYNDDS4J4;
				INFOPLIST_FILE = OpenGLES_CircleUITests/Info.plist;
				LD_RUNPATH_SEARCH_PATHS = "$(inherited) @executable_path/Frameworks @loader_path/Frameworks";
				PRODUCT_BUNDLE_IDENTIFIER = "admin.OpenGLES-CircleUITests";
				PRODUCT_NAME = "$(TARGET_NAME)";
				TEST_TARGET_NAME = OpenGLES_Circle;
			};
			name = Release;
		};
/* End XCBuildConfiguration section */

/* Begin XCConfigurationList section */
		845FC6581EC2F867001CEEFF /* Build configuration list for PBXProject "OpenGLES_Circle" */ = {
			isa = XCConfigurationList;
			buildConfigurations = (
				845FC6881EC2F868001CEEFF /* Debug */,
				845FC6891EC2F868001CEEFF /* Release */,
			);
			defaultConfigurationIsVisible = 0;
			defaultConfigurationName = Release;
		};
		845FC68A1EC2F868001CEEFF /* Build configuration list for PBXNativeTarget "OpenGLES_Circle" */ = {
			isa = XCConfigurationList;
			buildConfigurations = (
				845FC68B1EC2F868001CEEFF /* Debug */,
				845FC68C1EC2F868001CEEFF /* Release */,
			);
			defaultConfigurationIsVisible = 0;
			defaultConfigurationName = Release;
		};
		845FC68D1EC2F868001CEEFF /* Build configuration list for PBXNativeTarget "OpenGLES_CircleTests" */ = {
			isa = XCConfigurationList;
			buildConfigurations = (
				845FC68E1EC2F868001CEEFF /* Debug */,
				845FC68F1EC2F868001CEEFF /* Release */,
			);
			defaultConfigurationIsVisible = 0;
			defaultConfigurationName = Release;
		};
		845FC6901EC2F868001CEEFF /* Build configuration list for PBXNativeTarget "OpenGLES_CircleUITests" */ = {
			isa = XCConfigurationList;
			buildConfigurations = (
				845FC6911EC2F868001CEEFF /* Debug */,
				845FC6921EC2F868001CEEFF /* Release */,
			);
			defaultConfigurationIsVisible = 0;
			defaultConfigurationName = Release;
		};
/* End XCConfigurationList section */
	};
	rootObject = 845FC6551EC2F867001CEEFF /* Project object */;
}
